
Microsoft Visual Studio Solution File, Format Version 12.00
Project("{FAE04EC0-301F-11D3-BF4B-00C04F79EFBC}") = "ElTiempo", "ElTiempo.csproj", "{EFA5C216-D430-442F-8125-40C7FF9E9B10}"
EndProject
Global
	GlobalSection(SolutionConfigurationPlatforms) = preSolution
		Debug|Any CPU = Debug|Any CPU
		Release|Any CPU = Release|Any CPU
	EndGlobalSection
	GlobalSection(ProjectConfigurationPlatforms) = postSolution
		{EFA5C216-D430-442F-8125-40C7FF9E9B10}.Debug|Any CPU.ActiveCfg = Debug|Any CPU
		{EFA5C216-D430-442F-8125-40C7FF9E9B10}.Debug|Any CPU.Build.0 = Debug|Any CPU
		{EFA5C216-D430-442F-8125-40C7FF9E9B10}.Release|Any CPU.ActiveCfg = Release|Any CPU
		{EFA5C216-D430-442F-8125-40C7FF9E9B10}.Release|Any CPU.Build.0 = Release|Any CPU
	EndGlobalSection
EndGlobal
